horizon_base:
  dhash: 937466fc7a3b7135937166fc7a3b7331d2706e7a5e7b7111
  filename: /starplot/hash_checks/data/horizon-base.png
  phash: 9fc568ab519168b3
horizon_north_celestial_pole:
  dhash: 11a999496961c54511a9994d7964c54511a9924d7964c545
  filename: /starplot/hash_checks/data/horizon-north-celestial-pole.png
  phash: caf82dde2ba13588
map_coma_berenices_dso_size:
  dhash: 8a84acecc888c0c0a2848ceca888c6c08a8a92a2a882c282
  filename: /starplot/hash_checks/data/map-coma-berenices-dso-size.png
  phash: 969669696f961269
map_custom_stars:
  dhash: 5c21a9ceac2c84485c21a9ceac2c84485c21a9ceac2c8448
  filename: /starplot/hash_checks/data/map-custom-stars.png
  phash: e65a5b3415b535d0
map_gridlines:
  dhash: 0c219595224949110c219595224949110c21959522494911
  filename: /starplot/hash_checks/data/map-gridlines.png
  phash: d2b45b172d3262ad
map_label_callables:
  dhash: 80888c9c9c8c889080988c1c9c8c98a0809a9d0d8d9e98a0
  filename: /starplot/hash_checks/data/map-m45-label-callables.png
  phash: b038cfc31cce369c
map_milky_way_multi_polygon:
  dhash: 715f0b0880662c2d711f0b088076242d71530b088066ac2d
  filename: /starplot/hash_checks/data/map-milky-way-multi-polygon.png
  phash: be89be9856504e69
map_mollweide:
  dhash: 0b2b316b3b33070f0b2b316b3b33070f0b2b416b3b33250f
  filename: /starplot/hash_checks/data/map-mollweide.png
  phash: bb4bf2bc81649564
map_moon_phase_waxing_crescent:
  dhash: 0804084d4d4804080804084d4d4804080804084d4d480408
  filename: /starplot/hash_checks/data/map-moon-phase-waxing-crescent.png
  phash: b3cccc3333cccc31
map_orion_base:
  dhash: 18393b5e2e2f64781c393b5e2e2f24781c392b4e2e0f2478
  filename: /starplot/hash_checks/data/map-orion-base.png
  phash: bf795a241725b590
map_orion_extra:
  dhash: 1c393b7e2b67684f1d391b6f2b6768451c3b0b4e2b272845
  filename: /starplot/hash_checks/data/map-orion-extra.png
  phash: be71d01ee117e4d0
map_plot_custom_clip_path_virgo:
  dhash: 060521331d1c04040625252f0d1c04040625252f0d1e0404
  filename: /starplot/hash_checks/data/map-custom-clip-path-virgo.png
  phash: e66ec591b10d4bd2
map_plot_limit_by_geometry:
  dhash: 12a88096440c1202122a8296440c120232a880d6450c1242
  filename: /starplot/hash_checks/data/map-limit-by-geometry.png
  phash: a4499bbe6479138e
map_scope_bino_fov:
  dhash: 068080848cc080200686234d4d21924c0686234d4d21924c
  filename: /starplot/hash_checks/data/map-scope-bino-fov.png
  phash: e6649931666c9979
map_stereo_base:
  dhash: 677666f0353a5c12677666f43118dc12577666f0b588dc12
  filename: /starplot/hash_checks/data/map-stereo-north-base.png
  phash: 9dce6d634a91661a
map_with_planets:
  dhash: 229304668ddb323b2a9304668ddb323b2a9304668ddb32bb
  filename: /starplot/hash_checks/data/map-mercator-planets.png
  phash: e8c29d89a67f5312
map_wrapping:
  dhash: 2f330c4d4dd221192f330c4d4dd221192f330c4d4dd22119
  filename: /starplot/hash_checks/data/map-wrapping.png
  phash: ba3cf8c1c386a572
optic_camera_rotated:
  dhash: 25468b13261c1a6525468b13261c1a6525468b13261c1a65
  filename: /starplot/hash_checks/data/optic-camera-rotated-m45.png
  phash: ac6cc7941ed97285
optic_clipping:
  dhash: 70d898f066e4fc5d70d898f0eae4f85971f098eaf6f0fc71
  filename: /starplot/hash_checks/data/optic-clipping.png
  phash: 95696a872f9a7870
optic_m45_binoculars:
  dhash: 8e172b7123330e4d8e172b7123330e4d8e172b7123330e4d
  filename: /starplot/hash_checks/data/optic-m45-binoculars.png
  phash: ae7b80f186d18ad3
optic_m45_camera:
  dhash: 4d717151756159754d717151756159754d71715175615975
  filename: /starplot/hash_checks/data/optic-m45-camera.png
  phash: ae7b906e847b80d5
optic_m45_reflector:
  dhash: 8e1f2b7123330e4d8e1f2b7123330e4d8e1f2b7123330e4d
  filename: /starplot/hash_checks/data/optic-m45-reflector.png
  phash: ba3b80e5c6b19a93
optic_m45_scope:
  dhash: 8e173b5123230e4d8e173b5163230e4d8e173b51232b0e4d
  filename: /starplot/hash_checks/data/optic-m45-scope.png
  phash: ae7b80e586b18e93
optic_moon_phase_full:
  dhash: 0e2b553333552b0e0e2b553333552b0e0e2b553333552b0e
  filename: /starplot/hash_checks/data/optic-moon-phase-full.png
  phash: fb6ba06295718725
optic_moon_phase_new:
  dhash: 13498e96968e491313498e96968e491313498e96968e4913
  filename: /starplot/hash_checks/data/optic-moon-phase-new.png
  phash: e1649e9669496766
optic_moon_phase_waxing_crescent:
  dhash: 0e33454d59712b0e0e33454d59712b0e0e33454d59712b0e
  filename: /starplot/hash_checks/data/optic-moon-phase-waxing-crescent.png
  phash: bb26e4999166c699
optic_orion_nebula_refractor:
  dhash: 8e1f2d7163230e4d8e1f2d7163230e4d8e1f2d7163230e4d
  filename: /starplot/hash_checks/data/optic-orion-nebula-refractor.png
  phash: ae3ab065c7919e92
optic_polaris_binoculars:
  dhash: 8e172b5523338e4d8e172b5523338e4d8e172b5523338e4d
  filename: /starplot/hash_checks/data/optic-binoculars-polaris.png
  phash: aa6b84f186d18ed3
optic_solar_eclipse_binoculars:
  dhash: 0779e49a9ae461071759e09a9ae461170359c09c9cc06903
  filename: /starplot/hash_checks/data/optic-binoculars-eclipse.png
  phash: b1ccce3131cece31
optic_wrapping:
  dhash: 71f0ec92d2d8650a71e0d4aca4c4782a71e8d4acacc4713a
  filename: /starplot/hash_checks/data/optic-wrapping.png
  phash: d1846e1b792ef138
zenith_base:
  dhash: 1771c4aade5d338e1771c4a8ce5d338e1771c488865d330e
  filename: /starplot/hash_checks/data/zenith-base.png
  phash: ba48aa3be1689765
