horizon_base:
  dhash: 0687590d4409c4700683490d4419c4d006a34d0d441b4460
  filename: /starplot/hash_checks/data/horizon-base.png
  phash: e3ba1ce506e23387
horizon_north_celestial_pole:
  dhash: 30aa48d0e232a45430aa48d08232a44431aa49c8e232ac54
  filename: /starplot/hash_checks/data/horizon-north-celestial-pole.png
  phash: d59a3ad94ad24bc2
map_coma_berenices_dso_size:
  dhash: aa84acecc888c0c0a2848ceca888c6c08a8a92a2a882c282
  filename: /starplot/hash_checks/data/map-coma-berenices-dso-size.png
  phash: 969669696f961269
map_custom_stars:
  dhash: 5e21a1ceac2c84485e21a1ceac2c84485e21a1ceac2c8448
  filename: /starplot/hash_checks/data/map-custom-stars.png
  phash: e61a5bb425a53dd0
map_gridlines:
  dhash: 0c219595224949130c219595224949130c21959522494913
  filename: /starplot/hash_checks/data/map-gridlines.png
  phash: cbb44b162d3262af
map_label_callables:
  dhash: 80a06088c860a080d098ac2c2cac98e0809a9d0d0d9d98a0
  filename: /starplot/hash_checks/data/map-m45-label-callables.png
  phash: b232c9c94ee6cccc
map_milky_way_multi_polygon:
  dhash: 711f0b0c80662c2c711f0b088066242d79530b0880662c2d
  filename: /starplot/hash_checks/data/map-milky-way-multi-polygon.png
  phash: be89be98d6584a68
map_mollweide:
  dhash: 0f2b33632b33170f0f2b33632b33170f0f63736b2b32170f
  filename: /starplot/hash_checks/data/map-mollweide.png
  phash: ebcbb69ce3249460
map_moon_phase_waxing_crescent:
  dhash: 0814284d4d6814080814284d4d6814080804084d4d480408
  filename: /starplot/hash_checks/data/map-moon-phase-waxing-crescent.png
  phash: b3cccc3333cccc31
map_orion_base:
  dhash: 18193b5e3a2f646919393bde2a2d646958192bce2a2f6469
  filename: /starplot/hash_checks/data/map-orion-base.png
  phash: bf795a241784359c
map_orion_extra:
  dhash: 191b3b7f3b65690f1b191b7f2b25690d1c1b0b4e2b25690d
  filename: /starplot/hash_checks/data/map-orion-extra.png
  phash: be71e01ee117a499
map_plot_custom_clip_path_virgo:
  dhash: 060521339d1c04040625252f0d1c0404062525270d1c0404
  filename: /starplot/hash_checks/data/map-custom-clip-path-virgo.png
  phash: e66e8591b10d4bda
map_plot_limit_by_geometry:
  dhash: 12e8c086440c124422cac286040c124432e8c086450c5242
  filename: /starplot/hash_checks/data/map-limit-by-geometry.png
  phash: a4509bbe2ee9328e
map_scope_bino_fov:
  dhash: 86c092848ca28400868633454d21920c868633454d21920c
  filename: /starplot/hash_checks/data/map-scope-bino-fov.png
  phash: e465997166649979
map_stereo_base:
  dhash: 7372647231385412737264f431185416737664f2b498d412
  filename: /starplot/hash_checks/data/map-stereo-north-base.png
  phash: 9dce6979e81162b2
map_with_planets:
  dhash: 639344668ddb323b629304668ddb323b2a9304668ddb323b
  filename: /starplot/hash_checks/data/map-mercator-planets.png
  phash: e8c29d89a67f5312
map_wrapping:
  dhash: 0f352ccd655231150f352ccd655231150f352ccd65523115
  filename: /starplot/hash_checks/data/map-wrapping.png
  phash: ba36d8c583c2b536
optic_camera_rotated:
  dhash: 25468b13261c1a6525468b13261c1a6525468b13261c1a65
  filename: /starplot/hash_checks/data/optic-camera-rotated-m45.png
  phash: ac6cc6941edb7285
optic_clipping:
  dhash: 7099b874e2f4fc4d70d9b8f4eaf4fc5971e898f2d2f4fc71
  filename: /starplot/hash_checks/data/optic-clipping.png
  phash: 95696a87279c7871
optic_m45_binoculars:
  dhash: 8e17237133330e4d8e17237133330e4d8e17237133330e4d
  filename: /starplot/hash_checks/data/optic-m45-binoculars.png
  phash: ae7b80f182d18ed3
optic_m45_camera:
  dhash: 4d717151716549754d717151716549754d71715171654975
  filename: /starplot/hash_checks/data/optic-m45-camera.png
  phash: ae7b846e907b84c5
optic_m45_reflector:
  dhash: 8e173b712b330e4d8e173b712b330e4d8e173b712b330e4d
  filename: /starplot/hash_checks/data/optic-m45-reflector.png
  phash: ba7b84e086e59a93
optic_m45_scope:
  dhash: 8e172b5133230e4d8e172b5133230e4d8e172b5133230e4d
  filename: /starplot/hash_checks/data/optic-m45-scope.png
  phash: ae7b84e492b1ce83
optic_moon_phase_full:
  dhash: 0e2b553333552b0e0e2b553333552b0e0e2b553333552b0e
  filename: /starplot/hash_checks/data/optic-moon-phase-full.png
  phash: fb6fa02395658721
optic_moon_phase_new:
  dhash: 13498e96968e491313498e96968e491313498e96968e4913
  filename: /starplot/hash_checks/data/optic-moon-phase-new.png
  phash: e5259ec6694c6761
optic_moon_phase_waxing_crescent:
  dhash: 0e33454d59712b0e0e33454d59712b0e0e33454d59712b0e
  filename: /starplot/hash_checks/data/optic-moon-phase-waxing-crescent.png
  phash: bb26e4999166c699
optic_orion_nebula_refractor:
  dhash: 8e17257163238e4d8e17257163238e4d8e17257163238e4d
  filename: /starplot/hash_checks/data/optic-orion-nebula-refractor.png
  phash: ae3ab061c3939e96
optic_polaris_binoculars:
  dhash: 8e172b5523338e4d8e172b5523338e4d8e172b5523338e4d
  filename: /starplot/hash_checks/data/optic-binoculars-polaris.png
  phash: aa7b84e186d18ed3
optic_solar_eclipse_binoculars:
  dhash: 0769f0cccccc710f0769f0cccccc710f0369c0cccccc610b
  filename: /starplot/hash_checks/data/optic-binoculars-eclipse.png
  phash: b38ccc3333cccc33
optic_wrapping:
  dhash: 71f0ecd2dad8650a71e0d4aca4c4782a71e8d4aca4c4793a
  filename: /starplot/hash_checks/data/optic-wrapping.png
  phash: d1846e1a792ef139
zenith_base:
  dhash: 1771cc8ad67d338e1771cc86d47d338e1771c486947d3b0e
  filename: /starplot/hash_checks/data/zenith-base.png
  phash: be40fb3ee5289660
