horizon_base:
  dhash: 2f83990dc60b44702e83890d461b44700383cd0d861b4460
  filename: /starplot/hash_checks/data/horizon-base.png
  phash: e3b81ced14b63386
horizon_north_celestial_pole:
  dhash: 30aa6ad0c2728c54212a6850c272a45431aa48c8c262ac54
  filename: /starplot/hash_checks/data/horizon-north-celestial-pole.png
  phash: d59a38c94ad20be7
map_coma_berenices_dso_size:
  dhash: aa84acecc888c0c0a2848ceca888c6c08a8a92a2a882c282
  filename: /starplot/hash_checks/data/map-coma-berenices-dso-size.png
  phash: 969669696f961269
map_custom_stars:
  dhash: 5e21a1ceac2c84485e21a1ceac2c84485e21a1ceac2c8448
  filename: /starplot/hash_checks/data/map-custom-stars.png
  phash: e61a5bb425a53dd0
map_gridlines:
  dhash: 0c219595224949130c219595224949130c21959522494913
  filename: /starplot/hash_checks/data/map-gridlines.png
  phash: cbb44b162d3262af
map_label_callables:
  dhash: 80a06088c860a080d098ac2c2cac98e0809a9d0d0d9d98a0
  filename: /starplot/hash_checks/data/map-m45-label-callables.png
  phash: b232c9c94ee6cccc
map_milky_way_multi_polygon:
  dhash: 711f0b0c80662c2c711f0b088066242d79530b0880662c2d
  filename: /starplot/hash_checks/data/map-milky-way-multi-polygon.png
  phash: be89be98d6584a68
map_mollweide:
  dhash: 0f2b33632b33170f0f2b33632b33170f0f63736b2b32170f
  filename: /starplot/hash_checks/data/map-mollweide.png
  phash: ebcbb69ce3249460
map_moon_phase_waxing_crescent:
  dhash: 0814284d4d2814080814284d4d6814080804084d4d480408
  filename: /starplot/hash_checks/data/map-moon-phase-waxing-crescent.png
  phash: b3cccc3333cccc31
map_orion_base:
  dhash: 18393b5e3e2f656819393b5e2e2d65681c392bce2e2f6468
  filename: /starplot/hash_checks/data/map-orion-base.png
  phash: bf795a649504b594
map_orion_extra:
  dhash: 193b1b7f3b656d17193b1b7f2b656d0f1c3b0b4e2b256c0f
  filename: /starplot/hash_checks/data/map-orion-extra.png
  phash: be71e01ee117e491
map_plot_custom_clip_path_virgo:
  dhash: 060521339d1c04040625252f0d1c0404062525270d1c0404
  filename: /starplot/hash_checks/data/map-custom-clip-path-virgo.png
  phash: e66e8591b10d4bda
map_plot_limit_by_geometry:
  dhash: 12288086440c1204a2aa8286040c124432a880c6450c1242
  filename: /starplot/hash_checks/data/map-limit-by-geometry.png
  phash: a40999be6679539a
map_scope_bino_fov:
  dhash: 86c092848ca28400868633454d21920c868633454d21920c
  filename: /starplot/hash_checks/data/map-scope-bino-fov.png
  phash: e465997166649979
map_stereo_base:
  dhash: 77766470353b5412777664f435185416777664f0b598d412
  filename: /starplot/hash_checks/data/map-stereo-north-base.png
  phash: 9dce6961c291f23a
map_with_planets:
  dhash: 639344668ddb323b629304668ddb323b2a9304668ddb323b
  filename: /starplot/hash_checks/data/map-mercator-planets.png
  phash: e8c29d89a67f5312
map_wrapping:
  dhash: 0f332ccd655231150f332ccd655231150f332ccd65523115
  filename: /starplot/hash_checks/data/map-wrapping.png
  phash: ba36d8c583c2b716
optic_camera_rotated:
  dhash: 25468b13261c1a6525468b13261c1a6525468b13261c1a65
  filename: /starplot/hash_checks/data/optic-camera-rotated-m45.png
  phash: bc6cc6941ed97285
optic_clipping:
  dhash: 70d898f062e4fc5d70d898f0eae4f85971f098f2e6e4fc71
  filename: /starplot/hash_checks/data/optic-clipping.png
  phash: 95696a872f9a7870
optic_m45_binoculars:
  dhash: 8e17237133330e4d8e17237133330e4d8e17237133330e4d
  filename: /starplot/hash_checks/data/optic-m45-binoculars.png
  phash: aa7b84f186d18ac7
optic_m45_camera:
  dhash: 4d715151716559754d715151716559754d71515171655975
  filename: /starplot/hash_checks/data/optic-m45-camera.png
  phash: ba7b846e843b84d5
optic_m45_reflector:
  dhash: 8e172b7123330e4d8e172b7123330e4d8e172b7123330e4d
  filename: /starplot/hash_checks/data/optic-m45-reflector.png
  phash: ba7b80e5c6b19a92
optic_m45_scope:
  dhash: 8e173b5123230e4d8e173b5123230e4d8e173b5123230e4d
  filename: /starplot/hash_checks/data/optic-m45-scope.png
  phash: aa7b84e586b18e93
optic_moon_phase_full:
  dhash: 0e2b553333552b0e0e2b553333552b0e0e2b553333552b0e
  filename: /starplot/hash_checks/data/optic-moon-phase-full.png
  phash: fb6ba06295718725
optic_moon_phase_new:
  dhash: 13498e96968e491313498e96968e491313498e96968e4913
  filename: /starplot/hash_checks/data/optic-moon-phase-new.png
  phash: e1649e9669496766
optic_moon_phase_waxing_crescent:
  dhash: 0e33454d59712b0e0e33454d59712b0e0e33454d59712b0e
  filename: /starplot/hash_checks/data/optic-moon-phase-waxing-crescent.png
  phash: bb26e4999166c699
optic_orion_nebula_refractor:
  dhash: 8e1f2d7163230e4d8e1f2d7163230e4d8e1f2d7163230e4d
  filename: /starplot/hash_checks/data/optic-orion-nebula-refractor.png
  phash: ae3ab065c7919e92
optic_polaris_binoculars:
  dhash: 8e172b5523338e4d8e172b5523338e4d8e172b5523338e4d
  filename: /starplot/hash_checks/data/optic-binoculars-polaris.png
  phash: aa7b84f182d18ed3
optic_solar_eclipse_binoculars:
  dhash: 0779649a9ae461071759e49a9ae461170359c09c9cc06903
  filename: /starplot/hash_checks/data/optic-binoculars-eclipse.png
  phash: b1ccce3131cece31
optic_wrapping:
  dhash: 71f0ec92d2d8650a71e0d4aca4c4782a71e8d4aca4c4713a
  filename: /starplot/hash_checks/data/optic-wrapping.png
  phash: d1846e1b792ef138
zenith_base:
  dhash: 1771d4b8865d338e1771d4b6865d338e1771d49e865d3b0e
  filename: /starplot/hash_checks/data/zenith-base.png
  phash: ba40eb3be1788764
